
Microsoft Visual Studio Solution File, Format Version 12.00
# Visual Studio Version 17
VisualStudioVersion = 17.8.34525.116
MinimumVisualStudioVersion = 10.0.40219.1
Project("{2150E333-8FDC-42A3-9474-1A3956D46DE8}") = "Gateway", "Gateway", "{C0673C49-401B-4456-A096-3C3E337E9489}"
EndProject
Project("{9A19103F-16F7-4668-BE54-9A1E7A4F7556}") = "Gateway.API", "Gateway\Gateway.API\Gateway.API.csproj", "{74C58406-AF00-4DEB-85AC-95DE1A874BCF}"
EndProject
Project("{2150E333-8FDC-42A3-9474-1A3956D46DE8}") = "Services", "Services", "{5406BC53-E24E-4997-94DA-5EA9BCB39FB9}"
EndProject
Project("{9A19103F-16F7-4668-BE54-9A1E7A4F7556}") = "Stock.API", "Services\StockService\Stock.API\Stock.API.csproj", "{F612A520-1C23-458A-99EB-51D1C15CB768}"
EndProject
Project("{2150E333-8FDC-42A3-9474-1A3956D46DE8}") = "StockService", "StockService", "{745809D4-43BD-4811-89EC-10569BC4A65C}"
EndProject
Project("{2150E333-8FDC-42A3-9474-1A3956D46DE8}") = "LoanService", "LoanService", "{118F369B-7E1B-405E-A860-CFD76EA8FCA5}"
EndProject
Project("{9A19103F-16F7-4668-BE54-9A1E7A4F7556}") = "Loan.API", "Services\LoanService\Loan.API\Loan.API.csproj", "{80F3F1F5-7613-4885-BA94-83CFF7253093}"
EndProject
Project("{2150E333-8FDC-42A3-9474-1A3956D46DE8}") = "IdentityService", "IdentityService", "{2964CFF6-638E-4E0C-8300-601D67282B7E}"
EndProject
Project("{9A19103F-16F7-4668-BE54-9A1E7A4F7556}") = "Stock.EventHandler.Service", "Services\StockService\Stock.EventHandler.Service\Stock.EventHandler.Service.csproj", "{36BAAE6F-52CC-4B90-BC72-FB594E0AAA3A}"
EndProject
Project("{9A19103F-16F7-4668-BE54-9A1E7A4F7556}") = "Stock.Shared", "Services\StockService\Stock.Shared\Stock.Shared.csproj", "{4881CD85-1962-4C26-8B67-640D8EF4F411}"
EndProject
Project("{9A19103F-16F7-4668-BE54-9A1E7A4F7556}") = "Identity.API", "Services\IdentityService\Identity.API\Identity.API.csproj", "{9B80516F-3E66-4F1B-8BF8-456FD45856DD}"
EndProject
Project("{2150E333-8FDC-42A3-9474-1A3956D46DE8}") = "Shared", "Shared", "{213C637E-AFC9-4F82-B7B6-EB0DBA1B853A}"
EndProject
Project("{9A19103F-16F7-4668-BE54-9A1E7A4F7556}") = "RabbitMQ.Shared", "Services\Shared\RabbitMQ.Shared\RabbitMQ.Shared.csproj", "{AD50A6B9-61C7-4E8E-8123-9939A5ABA629}"
EndProject
Project("{9A19103F-16F7-4668-BE54-9A1E7A4F7556}") = "Loan.Outbox.Publisher.Service", "Services\LoanService\Loan.Outbox.Publisher.Service\Loan.Outbox.Publisher.Service.csproj", "{A6563A6B-F97A-4F85-B00F-88580F8D7695}"
EndProject
Project("{9A19103F-16F7-4668-BE54-9A1E7A4F7556}") = "Loan.Shared", "Services\LoanService\Loan.Shared\Loan.Shared.csproj", "{791E769D-75BA-494B-949E-D4E7641F7594}"
EndProject
Project("{FAE04EC0-301F-11D3-BF4B-00C04F79EFBC}") = "Stock.Outbox.Publisher.Service", "Services\StockService\Stock.Outbox.Publisher.Service\Stock.Outbox.Publisher.Service.csproj", "{AC8965ED-EF5B-4791-890F-322AFE0CC907}"
EndProject
Global
	GlobalSection(SolutionConfigurationPlatforms) = preSolution
		Debug|Any CPU = Debug|Any CPU
		Release|Any CPU = Release|Any CPU
	EndGlobalSection
	GlobalSection(ProjectConfigurationPlatforms) = postSolution
		{74C58406-AF00-4DEB-85AC-95DE1A874BCF}.Debug|Any CPU.ActiveCfg = Debug|Any CPU
		{74C58406-AF00-4DEB-85AC-95DE1A874BCF}.Debug|Any CPU.Build.0 = Debug|Any CPU
		{74C58406-AF00-4DEB-85AC-95DE1A874BCF}.Release|Any CPU.ActiveCfg = Release|Any CPU
		{74C58406-AF00-4DEB-85AC-95DE1A874BCF}.Release|Any CPU.Build.0 = Release|Any CPU
		{F612A520-1C23-458A-99EB-51D1C15CB768}.Debug|Any CPU.ActiveCfg = Debug|Any CPU
		{F612A520-1C23-458A-99EB-51D1C15CB768}.Debug|Any CPU.Build.0 = Debug|Any CPU
		{F612A520-1C23-458A-99EB-51D1C15CB768}.Release|Any CPU.ActiveCfg = Release|Any CPU
		{F612A520-1C23-458A-99EB-51D1C15CB768}.Release|Any CPU.Build.0 = Release|Any CPU
		{80F3F1F5-7613-4885-BA94-83CFF7253093}.Debug|Any CPU.ActiveCfg = Debug|Any CPU
		{80F3F1F5-7613-4885-BA94-83CFF7253093}.Debug|Any CPU.Build.0 = Debug|Any CPU
		{80F3F1F5-7613-4885-BA94-83CFF7253093}.Release|Any CPU.ActiveCfg = Release|Any CPU
		{80F3F1F5-7613-4885-BA94-83CFF7253093}.Release|Any CPU.Build.0 = Release|Any CPU
		{36BAAE6F-52CC-4B90-BC72-FB594E0AAA3A}.Debug|Any CPU.ActiveCfg = Debug|Any CPU
		{36BAAE6F-52CC-4B90-BC72-FB594E0AAA3A}.Debug|Any CPU.Build.0 = Debug|Any CPU
		{36BAAE6F-52CC-4B90-BC72-FB594E0AAA3A}.Release|Any CPU.ActiveCfg = Release|Any CPU
		{36BAAE6F-52CC-4B90-BC72-FB594E0AAA3A}.Release|Any CPU.Build.0 = Release|Any CPU
		{4881CD85-1962-4C26-8B67-640D8EF4F411}.Debug|Any CPU.ActiveCfg = Debug|Any CPU
		{4881CD85-1962-4C26-8B67-640D8EF4F411}.Debug|Any CPU.Build.0 = Debug|Any CPU
		{4881CD85-1962-4C26-8B67-640D8EF4F411}.Release|Any CPU.ActiveCfg = Release|Any CPU
		{4881CD85-1962-4C26-8B67-640D8EF4F411}.Release|Any CPU.Build.0 = Release|Any CPU
		{9B80516F-3E66-4F1B-8BF8-456FD45856DD}.Debug|Any CPU.ActiveCfg = Debug|Any CPU
		{9B80516F-3E66-4F1B-8BF8-456FD45856DD}.Debug|Any CPU.Build.0 = Debug|Any CPU
		{9B80516F-3E66-4F1B-8BF8-456FD45856DD}.Release|Any CPU.ActiveCfg = Release|Any CPU
		{9B80516F-3E66-4F1B-8BF8-456FD45856DD}.Release|Any CPU.Build.0 = Release|Any CPU
		{AD50A6B9-61C7-4E8E-8123-9939A5ABA629}.Debug|Any CPU.ActiveCfg = Debug|Any CPU
		{AD50A6B9-61C7-4E8E-8123-9939A5ABA629}.Debug|Any CPU.Build.0 = Debug|Any CPU
		{AD50A6B9-61C7-4E8E-8123-9939A5ABA629}.Release|Any CPU.ActiveCfg = Release|Any CPU
		{AD50A6B9-61C7-4E8E-8123-9939A5ABA629}.Release|Any CPU.Build.0 = Release|Any CPU
		{A6563A6B-F97A-4F85-B00F-88580F8D7695}.Debug|Any CPU.ActiveCfg = Debug|Any CPU
		{A6563A6B-F97A-4F85-B00F-88580F8D7695}.Debug|Any CPU.Build.0 = Debug|Any CPU
		{A6563A6B-F97A-4F85-B00F-88580F8D7695}.Release|Any CPU.ActiveCfg = Release|Any CPU
		{A6563A6B-F97A-4F85-B00F-88580F8D7695}.Release|Any CPU.Build.0 = Release|Any CPU
		{791E769D-75BA-494B-949E-D4E7641F7594}.Debug|Any CPU.ActiveCfg = Debug|Any CPU
		{791E769D-75BA-494B-949E-D4E7641F7594}.Debug|Any CPU.Build.0 = Debug|Any CPU
		{791E769D-75BA-494B-949E-D4E7641F7594}.Release|Any CPU.ActiveCfg = Release|Any CPU
		{791E769D-75BA-494B-949E-D4E7641F7594}.Release|Any CPU.Build.0 = Release|Any CPU
		{AC8965ED-EF5B-4791-890F-322AFE0CC907}.Debug|Any CPU.ActiveCfg = Debug|Any CPU
		{AC8965ED-EF5B-4791-890F-322AFE0CC907}.Debug|Any CPU.Build.0 = Debug|Any CPU
		{AC8965ED-EF5B-4791-890F-322AFE0CC907}.Release|Any CPU.ActiveCfg = Release|Any CPU
		{AC8965ED-EF5B-4791-890F-322AFE0CC907}.Release|Any CPU.Build.0 = Release|Any CPU
	EndGlobalSection
	GlobalSection(SolutionProperties) = preSolution
		HideSolutionNode = FALSE
	EndGlobalSection
	GlobalSection(NestedProjects) = preSolution
		{74C58406-AF00-4DEB-85AC-95DE1A874BCF} = {C0673C49-401B-4456-A096-3C3E337E9489}
		{F612A520-1C23-458A-99EB-51D1C15CB768} = {745809D4-43BD-4811-89EC-10569BC4A65C}
		{745809D4-43BD-4811-89EC-10569BC4A65C} = {5406BC53-E24E-4997-94DA-5EA9BCB39FB9}
		{118F369B-7E1B-405E-A860-CFD76EA8FCA5} = {5406BC53-E24E-4997-94DA-5EA9BCB39FB9}
		{80F3F1F5-7613-4885-BA94-83CFF7253093} = {118F369B-7E1B-405E-A860-CFD76EA8FCA5}
		{2964CFF6-638E-4E0C-8300-601D67282B7E} = {5406BC53-E24E-4997-94DA-5EA9BCB39FB9}
		{36BAAE6F-52CC-4B90-BC72-FB594E0AAA3A} = {745809D4-43BD-4811-89EC-10569BC4A65C}
		{4881CD85-1962-4C26-8B67-640D8EF4F411} = {745809D4-43BD-4811-89EC-10569BC4A65C}
		{9B80516F-3E66-4F1B-8BF8-456FD45856DD} = {2964CFF6-638E-4E0C-8300-601D67282B7E}
		{213C637E-AFC9-4F82-B7B6-EB0DBA1B853A} = {5406BC53-E24E-4997-94DA-5EA9BCB39FB9}
		{AD50A6B9-61C7-4E8E-8123-9939A5ABA629} = {213C637E-AFC9-4F82-B7B6-EB0DBA1B853A}
		{A6563A6B-F97A-4F85-B00F-88580F8D7695} = {118F369B-7E1B-405E-A860-CFD76EA8FCA5}
		{791E769D-75BA-494B-949E-D4E7641F7594} = {118F369B-7E1B-405E-A860-CFD76EA8FCA5}
		{AC8965ED-EF5B-4791-890F-322AFE0CC907} = {745809D4-43BD-4811-89EC-10569BC4A65C}
	EndGlobalSection
	GlobalSection(ExtensibilityGlobals) = postSolution
		SolutionGuid = {A0AF9445-CAFA-44FF-8DF6-F27DC9E1D817}
	EndGlobalSection
EndGlobal
